<?xml version="1.0" encoding="utf-8"?>
<Project ToolsVersion="4.0" xmlns="http://schemas.microsoft.com/developer/msbuild/2003">
  <ItemGroup>
    <Filter Include="Resources">
      <UniqueIdentifier>{67DA6AB6-F800-4c08-8B7A-83BB121AAD01}</UniqueIdentifier>
      <Extensions>rc;ico;cur;bmp;dlg;rc2;rct;bin;rgs;gif;jpg;jpeg;jpe;resx;tiff;tif;png;wav;mfcribbon-ms</Extensions>
    </Filter>
    <Filter Include="Source">
      <UniqueIdentifier>{4FC737F1-C7A5-4376-A066-2A32D752A2FF}</UniqueIdentifier>
      <Extensions>cpp;c;cc;cxx;c++;cppm;ixx;def;odl;idl;hpj;bat;asm;asmx</Extensions>
    </Filter>
    <Filter Include="Source\Math">
      <UniqueIdentifier>{4141d433-6823-4d16-98d3-6bfeb0dbbb1a}</UniqueIdentifier>
    </Filter>
    <Filter Include="Source\Core">
      <UniqueIdentifier>{968626c5-7d19-4e1e-92ee-d6ac0a29e3c6}</UniqueIdentifier>
    </Filter>
    <Filter Include="Source\Renderer">
      <UniqueIdentifier>{2489225f-fde4-47ac-89d0-c9a8f948d519}</UniqueIdentifier>
    </Filter>
    <Filter Include="Source\Input">
      <UniqueIdentifier>{8e7434f1-c54e-4a10-b35e-550a3fb2b1b8}</UniqueIdentifier>
    </Filter>
    <Filter Include="Source\Framework">
      <UniqueIdentifier>{14260c07-b5a0-406e-9024-3b01a4d351bf}</UniqueIdentifier>
    </Filter>
    <Filter Include="Source\Audio">
      <UniqueIdentifier>{f2e2c8a0-0009-4a06-b121-2d37d1835d8c}</UniqueIdentifier>
    </Filter>
    <Filter Include="Source\Resource">
      <UniqueIdentifier>{d729575d-e978-4500-ac48-7bdd73a1b2ef}</UniqueIdentifier>
    </Filter>
    <Filter Include="Source\Serialization">
      <UniqueIdentifier>{fc9d5d40-7a3a-4a55-9e6f-d02e25edeffa}</UniqueIdentifier>
    </Filter>
    <Filter Include="Source\Component">
      <UniqueIdentifier>{bfc70dd2-a6ad-4b04-94a1-178df59537aa}</UniqueIdentifier>
    </Filter>
  </ItemGroup>
  <ItemGroup>
    <ClCompile Include="Math\MathUtils.cpp">
      <Filter>Source\Math</Filter>
    </ClCompile>
    <ClCompile Include="Core\Memory.cpp">
      <Filter>Source\Core</Filter>
    </ClCompile>
    <ClCompile Include="Renderer\Renderer.cpp">
      <Filter>Source\Renderer</Filter>
    </ClCompile>
    <ClCompile Include="Input\InputSystem.cpp">
      <Filter>Source\Input</Filter>
    </ClCompile>
    <ClCompile Include="Renderer\Model.cpp">
      <Filter>Source\Renderer</Filter>
    </ClCompile>
    <ClCompile Include="Core\File.cpp">
      <Filter>Source\Core</Filter>
    </ClCompile>
    <ClCompile Include="Framework\Actor.cpp">
      <Filter>Source\Framework</Filter>
    </ClCompile>
    <ClCompile Include="Engine.cpp">
      <Filter>Source</Filter>
    </ClCompile>
    <ClCompile Include="Core\Time.cpp">
      <Filter>Source\Core</Filter>
    </ClCompile>
    <ClCompile Include="Framework\Scene.cpp">
      <Filter>Source\Framework</Filter>
    </ClCompile>
    <ClCompile Include="Audio\AudioSystem.cpp">
      <Filter>Source\Audio</Filter>
    </ClCompile>
    <ClCompile Include="Renderer\Font.cpp">
      <Filter>Source\Renderer</Filter>
    </ClCompile>
    <ClCompile Include="Renderer\Text.cpp">
      <Filter>Source\Renderer</Filter>
    </ClCompile>
    <ClCompile Include="Renderer\Texture.cpp">
      <Filter>Source\Renderer</Filter>
    </ClCompile>
    <ClCompile Include="Core\Logger.cpp">
      <Filter>Source\Core</Filter>
    </ClCompile>
    <ClCompile Include="Math\Vector2.cpp">
      <Filter>Source\Math</Filter>
    </ClCompile>
    <ClCompile Include="Math\Color.cpp">
      <Filter>Source\Math</Filter>
    </ClCompile>
    <ClCompile Include="Componet\PlayerComponet.cpp">
      <Filter>Source\Component</Filter>
    </ClCompile>
    <ClCompile Include="Componet\SpriteComponet.cpp">
      <Filter>Source\Component</Filter>
    </ClCompile>
    <ClCompile Include="Componet\AudioComponet.cpp">
      <Filter>Source\Component</Filter>
    </ClCompile>
    <ClCompile Include="Componet\PhysicsComponet.cpp">
      <Filter>Source\Component</Filter>
    </ClCompile>
    <ClCompile Include="Math\Matrix2x2.cpp">
      <Filter>Source\Math</Filter>
    </ClCompile>
    <ClCompile Include="Math\Matrix3x3.cpp">
      <Filter>Source\Math</Filter>
    </ClCompile>
    <ClCompile Include="Componet\ModelComponet.cpp">
      <Filter>Source\Component</Filter>
    </ClCompile>
    <ClCompile Include="Recource\ResourceManager.cpp">
      <Filter>Source\Resource</Filter>
    </ClCompile>
    <ClCompile Include="Serialization\Json.cpp">
      <Filter>Source\Serialization</Filter>
    </ClCompile>
    <ClCompile Include="Math\Transform.cpp">
      <Filter>Source\Math</Filter>
    </ClCompile>
  </ItemGroup>
  <ItemGroup>
    <ClInclude Include="Math\MathUtils.h">
      <Filter>Source\Math</Filter>
    </ClInclude>
    <ClInclude Include="Core\Memory.h">
      <Filter>Source\Core</Filter>
    </ClInclude>
    <ClInclude Include="Renderer\Renderer.h">
      <Filter>Source\Renderer</Filter>
    </ClInclude>
    <ClInclude Include="Math\Random.h">
      <Filter>Source\Math</Filter>
    </ClInclude>
    <ClInclude Include="Math\Vector2.h">
      <Filter>Source\Math</Filter>
    </ClInclude>
    <ClInclude Include="Math\Color.h">
      <Filter>Source\Math</Filter>
    </ClInclude>
    <ClInclude Include="Input\InputSystem.h">
      <Filter>Source\Input</Filter>
    </ClInclude>
    <ClInclude Include="Renderer\Model.h">
      <Filter>Source\Renderer</Filter>
    </ClInclude>
    <ClInclude Include="Core\File.h">
      <Filter>Source\Core</Filter>
    </ClInclude>
    <ClInclude Include="Framework\GameObject.h">
      <Filter>Source\Framework</Filter>
    </ClInclude>
    <ClInclude Include="Math\Transform.h">
      <Filter>Source\Math</Filter>
    </ClInclude>
    <ClInclude Include="Framework\Actor.h">
      <Filter>Source\Framework</Filter>
    </ClInclude>
    <ClInclude Include="Engine.h">
      <Filter>Source</Filter>
    </ClInclude>
    <ClInclude Include="Core\Time.h">
      <Filter>Source\Core</Filter>
    </ClInclude>
    <ClInclude Include="Framework\Scene.h">
      <Filter>Source\Framework</Filter>
    </ClInclude>
    <ClInclude Include="Audio\AudioSystem.h">
      <Filter>Source\Audio</Filter>
    </ClInclude>
    <ClInclude Include="Renderer\Font.h">
      <Filter>Source\Renderer</Filter>
    </ClInclude>
    <ClInclude Include="Renderer\Text.h">
      <Filter>Source\Renderer</Filter>
    </ClInclude>
    <ClInclude Include="Framework\Game.h">
      <Filter>Source\Framework</Filter>
    </ClInclude>
    <ClInclude Include="Renderer\Texture.h">
      <Filter>Source\Renderer</Filter>
    </ClInclude>
    <ClInclude Include="Core\Logger.h">
      <Filter>Source\Core</Filter>
    </ClInclude>
    <ClInclude Include="Framework\Component.h">
      <Filter>Source\Framework</Filter>
    </ClInclude>
    <ClInclude Include="Componet\PlayerComponet.h">
      <Filter>Source\Component</Filter>
    </ClInclude>
    <ClInclude Include="Componet\RenderComponet.h">
      <Filter>Source\Component</Filter>
    </ClInclude>
    <ClInclude Include="Componet\SpriteComponet.h">
      <Filter>Source\Component</Filter>
    </ClInclude>
    <ClInclude Include="Componet\PhysicsComponet.h">
      <Filter>Source\Component</Filter>
    </ClInclude>
    <ClInclude Include="Math\Matrix2x2.h">
      <Filter>Source\Math</Filter>
    </ClInclude>
    <ClInclude Include="Math\Vector3.h">
      <Filter>Source\Math</Filter>
    </ClInclude>
    <ClInclude Include="Math\Matrix3x3.h">
      <Filter>Source\Math</Filter>
    </ClInclude>
    <ClInclude Include="Componet\ModelComponet.h">
      <Filter>Source\Component</Filter>
    </ClInclude>
    <ClInclude Include="Recource\Resource.h">
      <Filter>Source\Resource</Filter>
    </ClInclude>
    <ClInclude Include="Recource\ResourceManager.h">
      <Filter>Source\Resource</Filter>
    </ClInclude>
    <ClInclude Include="Framework\Singleton.h">
      <Filter>Source\Framework</Filter>
    </ClInclude>
    <ClInclude Include="Framework\Factory.h">
      <Filter>Source\Framework</Filter>
    </ClInclude>
    <ClInclude Include="Serialization\Json.h">
      <Filter>Source\Serialization</Filter>
    </ClInclude>
    <ClInclude Include="Serialization\Serializable.h">
      <Filter>Source\Serialization</Filter>
    </ClInclude>
    <ClInclude Include="Componet\AudioComponent.h">
      <Filter>Source\Component</Filter>
    </ClInclude>
  </ItemGroup>
  <ItemGroup>
    <Image Include="..\Build\Assets\Sprites\Ryu.png">
      <Filter>Resources</Filter>
    </Image>
  </ItemGroup>
  <ItemGroup>
    <Text Include="..\Build\Assets\level.txt">
      <Filter>Resources</Filter>
    </Text>
  </ItemGroup>
</Project>